// !$*UTF8*$!
{
	archiveVersion = 1;
	classes = {
	};
	objectVersion = 60;
	objects = {

/* Begin PBXBuildFile section */
		F9573B0C2BFD100C00CAB4B4 /* AppDelegate.swift in Sources */ = {isa = PBXBuildFile; fileRef = F9573B0B2BFD100C00CAB4B4 /* AppDelegate.swift */; };
		F9573B0E2BFD100C00CAB4B4 /* SceneDelegate.swift in Sources */ = {isa = PBXBuildFile; fileRef = F9573B0D2BFD100C00CAB4B4 /* SceneDelegate.swift */; };
		F9573B102BFD100C00CAB4B4 /* ViewController.swift in Sources */ = {isa = PBXBuildFile; fileRef = F9573B0F2BFD100C00CAB4B4 /* ViewController.swift */; };
		F9573B132BFD100C00CAB4B4 /* Base in Resources */ = {isa = PBXBuildFile; fileRef = F9573B122BFD100C00CAB4B4 /* Base */; };
		F9573B152BFD100E00CAB4B4 /* Assets.xcassets in Resources */ = {isa = PBXBuildFile; fileRef = F9573B142BFD100E00CAB4B4 /* Assets.xcassets */; };
		F9573B182BFD100E00CAB4B4 /* Base in Resources */ = {isa = PBXBuildFile; fileRef = F9573B172BFD100E00CAB4B4 /* Base */; };
		F9573B212BFD107A00CAB4B4 /* Oeschinen in Frameworks */ = {isa = PBXBuildFile; productRef = F9573B202BFD107A00CAB4B4 /* Oeschinen */; };
		F9573B242BFD10AA00CAB4B4 /* Oeschinen in Frameworks */ = {isa = PBXBuildFile; productRef = F9573B232BFD10AA00CAB4B4 /* Oeschinen */; };
		F9573B262BFD138E00CAB4B4 /* Content+Sample.swift in Sources */ = {isa = PBXBuildFile; fileRef = F9573B252BFD138E00CAB4B4 /* Content+Sample.swift */; };
/* End PBXBuildFile section */

/* Begin PBXFileReference section */
		F9573B082BFD100C00CAB4B4 /* Example.app */ = {isa = PBXFileReference; explicitFileType = wrapper.application; includeInIndex = 0; path = Example.app; sourceTree = BUILT_PRODUCTS_DIR; };
		F9573B0B2BFD100C00CAB4B4 /* AppDelegate.swift */ = {isa = PBXFileReference; lastKnownFileType = sourcecode.swift; path = AppDelegate.swift; sourceTree = "<group>"; };
		F9573B0D2BFD100C00CAB4B4 /* SceneDelegate.swift */ = {isa = PBXFileReference; lastKnownFileType = sourcecode.swift; path = SceneDelegate.swift; sourceTree = "<group>"; };
		F9573B0F2BFD100C00CAB4B4 /* ViewController.swift */ = {isa = PBXFileReference; lastKnownFileType = sourcecode.swift; path = ViewController.swift; sourceTree = "<group>"; };
		F9573B122BFD100C00CAB4B4 /* Base */ = {isa = PBXFileReference; lastKnownFileType = file.storyboard; name = Base; path = Base.lproj/Main.storyboard; sourceTree = "<group>"; };
		F9573B142BFD100E00CAB4B4 /* Assets.xcassets */ = {isa = PBXFileReference; lastKnownFileType = folder.assetcatalog; path = Assets.xcassets; sourceTree = "<group>"; };
		F9573B172BFD100E00CAB4B4 /* Base */ = {isa = PBXFileReference; lastKnownFileType = file.storyboard; name = Base; path = Base.lproj/LaunchScreen.storyboard; sourceTree = "<group>"; };
		F9573B192BFD100E00CAB4B4 /* Info.plist */ = {isa = PBXFileReference; lastKnownFileType = text.plist.xml; path = Info.plist; sourceTree = "<group>"; };
		F9573B252BFD138E00CAB4B4 /* Content+Sample.swift */ = {isa = PBXFileReference; lastKnownFileType = sourcecode.swift; path = "Content+Sample.swift"; sourceTree = "<group>"; };
/* End PBXFileReference section */

/* Begin PBXFrameworksBuildPhase section */
		F9573B052BFD100C00CAB4B4 /* Frameworks */ = {
			isa = PBXFrameworksBuildPhase;
			buildActionMask = 2147483647;
			files = (
				F9573B212BFD107A00CAB4B4 /* Oeschinen in Frameworks */,
				F9573B242BFD10AA00CAB4B4 /* Oeschinen in Frameworks */,
			);
			runOnlyForDeploymentPostprocessing = 0;
		};
/* End PBXFrameworksBuildPhase section */

/* Begin PBXGroup section */
		F9573AFF2BFD100C00CAB4B4 = {
			isa = PBXGroup;
			children = (
				F9573B0A2BFD100C00CAB4B4 /* Example */,
				F9573B092BFD100C00CAB4B4 /* Products */,
			);
			sourceTree = "<group>";
		};
		F9573B092BFD100C00CAB4B4 /* Products */ = {
			isa = PBXGroup;
			children = (
				F9573B082BFD100C00CAB4B4 /* Example.app */,
			);
			name = Products;
			sourceTree = "<group>";
		};
		F9573B0A2BFD100C00CAB4B4 /* Example */ = {
			isa = PBXGroup;
			children = (
				F9573B0B2BFD100C00CAB4B4 /* AppDelegate.swift */,
				F9573B0D2BFD100C00CAB4B4 /* SceneDelegate.swift */,
				F9573B0F2BFD100C00CAB4B4 /* ViewController.swift */,
				F9573B112BFD100C00CAB4B4 /* Main.storyboard */,
				F9573B252BFD138E00CAB4B4 /* Content+Sample.swift */,
				F9573B142BFD100E00CAB4B4 /* Assets.xcassets */,
				F9573B162BFD100E00CAB4B4 /* LaunchScreen.storyboard */,
				F9573B192BFD100E00CAB4B4 /* Info.plist */,
			);
			path = Example;
			sourceTree = "<group>";
		};
/* End PBXGroup section */

/* Begin PBXNativeTarget section */
		F9573B072BFD100C00CAB4B4 /* Example */ = {
			isa = PBXNativeTarget;
			buildConfigurationList = F9573B1C2BFD100E00CAB4B4 /* Build configuration list for PBXNativeTarget "Example" */;
			buildPhases = (
				F9573B042BFD100C00CAB4B4 /* Sources */,
				F9573B052BFD100C00CAB4B4 /* Frameworks */,
				F9573B062BFD100C00CAB4B4 /* Resources */,
			);
			buildRules = (
			);
			dependencies = (
			);
			name = Example;
			packageProductDependencies = (
				F9573B202BFD107A00CAB4B4 /* Oeschinen */,
				F9573B232BFD10AA00CAB4B4 /* Oeschinen */,
			);
			productName = Example;
			productReference = F9573B082BFD100C00CAB4B4 /* Example.app */;
			productType = "com.apple.product-type.application";
		};
/* End PBXNativeTarget section */

/* Begin PBXProject section */
		F9573B002BFD100C00CAB4B4 /* Project object */ = {
			isa = PBXProject;
			attributes = {
				BuildIndependentTargetsInParallel = 1;
				LastSwiftUpdateCheck = 1530;
				LastUpgradeCheck = 1530;
				TargetAttributes = {
					F9573B072BFD100C00CAB4B4 = {
						CreatedOnToolsVersion = 15.3;
					};
				};
			};
			buildConfigurationList = F9573B032BFD100C00CAB4B4 /* Build configuration list for PBXProject "Example" */;
			compatibilityVersion = "Xcode 14.0";
			developmentRegion = en;
			hasScannedForEncodings = 0;
			knownRegions = (
				en,
				Base,
			);
			mainGroup = F9573AFF2BFD100C00CAB4B4;
			packageReferences = (
				F9573B222BFD10AA00CAB4B4 /* XCLocalSwiftPackageReference "../Package" */,
			);
			productRefGroup = F9573B092BFD100C00CAB4B4 /* Products */;
			projectDirPath = "";
			projectRoot = "";
			targets = (
				F9573B072BFD100C00CAB4B4 /* Example */,
			);
		};
/* End PBXProject section */

/* Begin PBXResourcesBuildPhase section */
		F9573B062BFD100C00CAB4B4 /* Resources */ = {
			isa = PBXResourcesBuildPhase;
			buildActionMask = 2147483647;
			files = (
				F9573B152BFD100E00CAB4B4 /* Assets.xcassets in Resources */,
				F9573B182BFD100E00CAB4B4 /* Base in Resources */,
				F9573B132BFD100C00CAB4B4 /* Base in Resources */,
			);
			runOnlyForDeploymentPostprocessing = 0;
		};
/* End PBXResourcesBuildPhase section */

/* Begin PBXSourcesBuildPhase section */
		F9573B042BFD100C00CAB4B4 /* Sources */ = {
			isa = PBXSourcesBuildPhase;
			buildActionMask = 2147483647;
			files = (
				F9573B102BFD100C00CAB4B4 /* ViewController.swift in Sources */,
				F9573B0C2BFD100C00CAB4B4 /* AppDelegate.swift in Sources */,
				F9573B0E2BFD100C00CAB4B4 /* SceneDelegate.swift in Sources */,
				F9573B262BFD138E00CAB4B4 /* Content+Sample.swift in Sources */,
			);
			runOnlyForDeploymentPostprocessing = 0;
		};
/* End PBXSourcesBuildPhase section */

/* Begin PBXVariantGroup section */
		F9573B112BFD100C00CAB4B4 /* Main.storyboard */ = {
			isa = PBXVariantGroup;
			children = (
				F9573B122BFD100C00CAB4B4 /* Base */,
			);
			name = Main.storyboard;
			sourceTree = "<group>";
		};
		F9573B162BFD100E00CAB4B4 /* LaunchScreen.storyboard */ = {
			isa = PBXVariantGroup;
			children = (
				F9573B172BFD100E00CAB4B4 /* Base */,
			);
			name = LaunchScreen.storyboard;
			sourceTree = "<group>";
		};
/* End PBXVariantGroup section */

/* Begin XCBuildConfiguration section */
		F9573B1A2BFD100E00CAB4B4 /* Debug */ = {
			isa = XCBuildConfiguration;
			buildSettings = {
				ALWAYS_SEARCH_USER_PATHS = NO;
				ASSETCATALOG_COMPILER_GENERATE_SWIFT_ASSET_SYMBOL_EXTENSIONS = YES;
				CLANG_ANALYZER_NONNULL = YES;
				CLANG_ANALYZER_NUMBER_OBJECT_CONVERSION = YES_AGGRESSIVE;
				CLANG_CXX_LANGUAGE_STANDARD = "gnu++20";
				CLANG_ENABLE_MODULES = YES;
				CLANG_ENABLE_OBJC_ARC = YES;
				CLANG_ENABLE_OBJC_WEAK = YES;
				CLANG_WARN_BLOCK_CAPTURE_AUTORELEASING = YES;
				CLANG_WARN_BOOL_CONVERSION = YES;
				CLANG_WARN_COMMA = YES;
				CLANG_WARN_CONSTANT_CONVERSION = YES;
				CLANG_WARN_DEPRECATED_OBJC_IMPLEMENTATIONS = YES;
				CLANG_WARN_DIRECT_OBJC_ISA_USAGE = YES_ERROR;
				CLANG_WARN_DOCUMENTATION_COMMENTS = YES;
				CLANG_WARN_EMPTY_BODY = YES;
				CLANG_WARN_ENUM_CONVERSION = YES;
				CLANG_WARN_INFINITE_RECURSION = YES;
				CLANG_WARN_INT_CONVERSION = YES;
				CLANG_WARN_NON_LITERAL_NULL_CONVERSION = YES;
				CLANG_WARN_OBJC_IMPLICIT_RETAIN_SELF = YES;
				CLANG_WARN_OBJC_LITERAL_CONVERSION = YES;
				CLANG_WARN_OBJC_ROOT_CLASS = YES_ERROR;
				CLANG_WARN_QUOTED_INCLUDE_IN_FRAMEWORK_HEADER = YES;
				CLANG_WARN_RANGE_LOOP_ANALYSIS = YES;
				CLANG_WARN_STRICT_PROTOTYPES = YES;
				CLANG_WARN_SUSPICIOUS_MOVE = YES;
				CLANG_WARN_UNGUARDED_AVAILABILITY = YES_AGGRESSIVE;
				CLANG_WARN_UNREACHABLE_CODE = YES;
				CLANG_WARN__DUPLICATE_METHOD_MATCH = YES;
				COPY_PHASE_STRIP = NO;
				DEBUG_INFORMATION_FORMAT = dwarf;
				ENABLE_STRICT_OBJC_MSGSEND = YES;
				ENABLE_TESTABILITY = YES;
				ENABLE_USER_SCRIPT_SANDBOXING = YES;
				GCC_C_LANGUAGE_STANDARD = gnu17;
				GCC_DYNAMIC_NO_PIC = NO;
				GCC_NO_COMMON_BLOCKS = YES;
				GCC_OPTIMIZATION_LEVEL = 0;
				GCC_PREPROCESSOR_DEFINITIONS = (
					"DEBUG=1",
					"$(inherited)",
				);
				GCC_WARN_64_TO_32_BIT_CONVERSION = YES;
				GCC_WARN_ABOUT_RETURN_TYPE = YES_ERROR;
				GCC_WARN_UNDECLARED_SELECTOR = YES;
				GCC_WARN_UNINITIALIZED_AUTOS = YES_AGGRESSIVE;
				GCC_WARN_UNUSED_FUNCTION = YES;
				GCC_WARN_UNUSED_VARIABLE = YES;
				IPHONEOS_DEPLOYMENT_TARGET = 17.4;
				LOCALIZATION_PREFERS_STRING_CATALOGS = YES;
				MTL_ENABLE_DEBUG_INFO = INCLUDE_SOURCE;
				MTL_FAST_MATH = YES;
				ONLY_ACTIVE_ARCH = YES;
				SDKROOT = iphoneos;
				SWIFT_ACTIVE_COMPILATION_CONDITIONS = "DEBUG $(inherited)";
				SWIFT_OPTIMIZATION_LEVEL = "-Onone";
			};
			name = Debug;
		};
		F9573B1B2BFD100E00CAB4B4 /* Release */ = {
			isa = XCBuildConfiguration;
			buildSettings = {
				ALWAYS_SEARCH_USER_PATHS = NO;
				ASSETCATALOG_COMPILER_GENERATE_SWIFT_ASSET_SYMBOL_EXTENSIONS = YES;
				CLANG_ANALYZER_NONNULL = YES;
				CLANG_ANALYZER_NUMBER_OBJECT_CONVERSION = YES_AGGRESSIVE;
				CLANG_CXX_LANGUAGE_STANDARD = "gnu++20";
				CLANG_ENABLE_MODULES = YES;
				CLANG_ENABLE_OBJC_ARC = YES;
				CLANG_ENABLE_OBJC_WEAK = YES;
				CLANG_WARN_BLOCK_CAPTURE_AUTORELEASING = YES;
				CLANG_WARN_BOOL_CONVERSION = YES;
				CLANG_WARN_COMMA = YES;
				CLANG_WARN_CONSTANT_CONVERSION = YES;
				CLANG_WARN_DEPRECATED_OBJC_IMPLEMENTATIONS = YES;
				CLANG_WARN_DIRECT_OBJC_ISA_USAGE = YES_ERROR;
				CLANG_WARN_DOCUMENTATION_COMMENTS = YES;
				CLANG_WARN_EMPTY_BODY = YES;
				CLANG_WARN_ENUM_CONVERSION = YES;
				CLANG_WARN_INFINITE_RECURSION = YES;
				CLANG_WARN_INT_CONVERSION = YES;
				CLANG_WARN_NON_LITERAL_NULL_CONVERSION = YES;
				CLANG_WARN_OBJC_IMPLICIT_RETAIN_SELF = YES;
				CLANG_WARN_OBJC_LITERAL_CONVERSION = YES;
				CLANG_WARN_OBJC_ROOT_CLASS = YES_ERROR;
				CLANG_WARN_QUOTED_INCLUDE_IN_FRAMEWORK_HEADER = YES;
				CLANG_WARN_RANGE_LOOP_ANALYSIS = YES;
				CLANG_WARN_STRICT_PROTOTYPES = YES;
				CLANG_WARN_SUSPICIOUS_MOVE = YES;
				CLANG_WARN_UNGUARDED_AVAILABILITY = YES_AGGRESSIVE;
				CLANG_WARN_UNREACHABLE_CODE = YES;
				CLANG_WARN__DUPLICATE_METHOD_MATCH = YES;
				COPY_PHASE_STRIP = NO;
				DEBUG_INFORMATION_FORMAT = "dwarf-with-dsym";
				ENABLE_NS_ASSERTIONS = NO;
				ENABLE_STRICT_OBJC_MSGSEND = YES;
				ENABLE_USER_SCRIPT_SANDBOXING = YES;
				GCC_C_LANGUAGE_STANDARD = gnu17;
				GCC_NO_COMMON_BLOCKS = YES;
				GCC_WARN_64_TO_32_BIT_CONVERSION = YES;
				GCC_WARN_ABOUT_RETURN_TYPE = YES_ERROR;
				GCC_WARN_UNDECLARED_SELECTOR = YES;
				GCC_WARN_UNINITIALIZED_AUTOS = YES_AGGRESSIVE;
				GCC_WARN_UNUSED_FUNCTION = YES;
				GCC_WARN_UNUSED_VARIABLE = YES;
				IPHONEOS_DEPLOYMENT_TARGET = 17.4;
				LOCALIZATION_PREFERS_STRING_CATALOGS = YES;
				MTL_ENABLE_DEBUG_INFO = NO;
				MTL_FAST_MATH = YES;
				SDKROOT = iphoneos;
				SWIFT_COMPILATION_MODE = wholemodule;
				VALIDATE_PRODUCT = YES;
			};
			name = Release;
		};
		F9573B1D2BFD100E00CAB4B4 /* Debug */ = {
			isa = XCBuildConfiguration;
			buildSettings = {
				ASSETCATALOG_COMPILER_APPICON_NAME = AppIcon;
				ASSETCATALOG_COMPILER_GLOBAL_ACCENT_COLOR_NAME = AccentColor;
				CODE_SIGN_STYLE = Automatic;
				CURRENT_PROJECT_VERSION = 1;
				DEVELOPMENT_TEAM = 4YL8LS5ZJC;
				GENERATE_INFOPLIST_FILE = YES;
				INFOPLIST_FILE = Example/Info.plist;
				INFOPLIST_KEY_UIApplicationSupportsIndirectInputEvents = YES;
				INFOPLIST_KEY_UILaunchStoryboardName = LaunchScreen;
				INFOPLIST_KEY_UIMainStoryboardFile = Main;
				INFOPLIST_KEY_UISupportedInterfaceOrientations_iPad = "UIInterfaceOrientationPortrait UIInterfaceOrientationPortraitUpsideDown UIInterfaceOrientationLandscapeLeft UIInterfaceOrientationLandscapeRight";
				INFOPLIST_KEY_UISupportedInterfaceOrientations_iPhone = "UIInterfaceOrientationPortrait UIInterfaceOrientationLandscapeLeft UIInterfaceOrientationLandscapeRight";
				LD_RUNPATH_SEARCH_PATHS = (
					"$(inherited)",
					"@executable_path/Frameworks",
				);
				MARKETING_VERSION = 1.0;
				PRODUCT_BUNDLE_IDENTIFIER = com.statios.Example;
				PRODUCT_NAME = "$(TARGET_NAME)";
				SWIFT_EMIT_LOC_STRINGS = YES;
				SWIFT_VERSION = 5.0;
				TARGETED_DEVICE_FAMILY = "1,2";
			};
			name = Debug;
		};
		F9573B1E2BFD100E00CAB4B4 /* Release */ = {
			isa = XCBuildConfiguration;
			buildSettings = {
				ASSETCATALOG_COMPILER_APPICON_NAME = AppIcon;
				ASSETCATALOG_COMPILER_GLOBAL_ACCENT_COLOR_NAME = AccentColor;
				CODE_SIGN_STYLE = Automatic;
				CURRENT_PROJECT_VERSION = 1;
				DEVELOPMENT_TEAM = 4YL8LS5ZJC;
				GENERATE_INFOPLIST_FILE = YES;
				INFOPLIST_FILE = Example/Info.plist;
				INFOPLIST_KEY_UIApplicationSupportsIndirectInputEvents = YES;
				INFOPLIST_KEY_UILaunchStoryboardName = LaunchScreen;
				INFOPLIST_KEY_UIMainStoryboardFile = Main;
				INFOPLIST_KEY_UISupportedInterfaceOrientations_iPad = "UIInterfaceOrientationPortrait UIInterfaceOrientationPortraitUpsideDown UIInterfaceOrientationLandscapeLeft UIInterfaceOrientationLandscapeRight";
				INFOPLIST_KEY_UISupportedInterfaceOrientations_iPhone = "UIInterfaceOrientationPortrait UIInterfaceOrientationLandscapeLeft UIInterfaceOrientationLandscapeRight";
				LD_RUNPATH_SEARCH_PATHS = (
					"$(inherited)",
					"@executable_path/Frameworks",
				);
				MARKETING_VERSION = 1.0;
				PRODUCT_BUNDLE_IDENTIFIER = com.statios.Example;
				PRODUCT_NAME = "$(TARGET_NAME)";
				SWIFT_EMIT_LOC_STRINGS = YES;
				SWIFT_VERSION = 5.0;
				TARGETED_DEVICE_FAMILY = "1,2";
			};
			name = Release;
		};
/* End XCBuildConfiguration section */

/* Begin XCConfigurationList section */
		F9573B032BFD100C00CAB4B4 /* Build configuration list for PBXProject "Example" */ = {
			isa = XCConfigurationList;
			buildConfigurations = (
				F9573B1A2BFD100E00CAB4B4 /* Debug */,
				F9573B1B2BFD100E00CAB4B4 /* Release */,
			);
			defaultConfigurationIsVisible = 0;
			defaultConfigurationName = Release;
		};
		F9573B1C2BFD100E00CAB4B4 /* Build configuration list for PBXNativeTarget "Example" */ = {
			isa = XCConfigurationList;
			buildConfigurations = (
				F9573B1D2BFD100E00CAB4B4 /* Debug */,
				F9573B1E2BFD100E00CAB4B4 /* Release */,
			);
			defaultConfigurationIsVisible = 0;
			defaultConfigurationName = Release;
		};
/* End XCConfigurationList section */

/* Begin XCLocalSwiftPackageReference section */
		F9573B222BFD10AA00CAB4B4 /* XCLocalSwiftPackageReference "../Package" */ = {
			isa = XCLocalSwiftPackageReference;
			relativePath = ../Package;
		};
/* End XCLocalSwiftPackageReference section */

/* Begin XCSwiftPackageProductDependency section */
		F9573B202BFD107A00CAB4B4 /* Oeschinen */ = {
			isa = XCSwiftPackageProductDependency;
			productName = Oeschinen;
		};
		F9573B232BFD10AA00CAB4B4 /* Oeschinen */ = {
			isa = XCSwiftPackageProductDependency;
			productName = Oeschinen;
		};
/* End XCSwiftPackageProductDependency section */
	};
	rootObject = F9573B002BFD100C00CAB4B4 /* Project object */;
}
